schema: '2.0'
stages:
  extract_data:
    cmd: python src/get_data.py --config=config.yaml
    deps:
    - path: databases/secure-connect-12.zip
      md5: 165aca1e3c5b224a7c72429d5f282788
      size: 12317
    - path: databases/secure-connect-ap1.zip
      md5: c4e651ea9c9b4c6d25f7bb03781e2420
      size: 12357
    - path: databases/secure-connect-h11.zip
      md5: c7dcbdfc0afe5c4bb44c3508923094ed
      size: 12303
    - path: src/get_data.py
      md5: f77325c1a39f9f454333044e72edbaa0
      size: 3584
    - path: src/get_data.py
      md5: f77325c1a39f9f454333044e72edbaa0
      size: 3584
    outs:
    - path: data/raw/aps.csv
      md5: facae1a70d9c70bc6d386d7552890bfd
      size: 46717246
  processing_data:
    cmd: python src/load_data.py --config=config.yaml
    deps:
    - path: data/raw/aps.csv
      md5: facae1a70d9c70bc6d386d7552890bfd
      size: 46717246
    - path: src/load_data.py
      md5: d61f24d3a5c129090dffb3dd7ac75ac4
      size: 980
    outs:
    - path: data/processed/aps.csv
      md5: 491b506f367e9c77a2438c214cf02c69
      size: 1863408
  finalling_data:
    cmd: python src/f_s.py --config=config.yaml
    deps:
    - path: data/processed/aps.csv
      md5: 491b506f367e9c77a2438c214cf02c69
      size: 1863408
    - path: src/f_s.py
      md5: 7a09f97909d6e89ee340bb2b27a92c31
      size: 1848
    outs:
    - path: data/final/aps.csv
      md5: 5423bbba0160b2500975224e7198fd29
      size: 1833857
  training_and_evaluating:
    cmd: python src/train_and_evalute.py --config=params.yaml
    deps:
    - path: data/final/aps.csv
      md5: 5423bbba0160b2500975224e7198fd29
      size: 1833857
    - path: src/train_and_evalute.py
      md5: b1f40ba0a7d9132cdb38aad0daa05785
      size: 6596
    outs:
    - path: saved_models/model.joblib
      md5: cc03c7df6e10fa160667d02f609ee9e5
      size: 1820779
